
Microsoft Visual Studio Solution File, Format Version 12.00
# Visual Studio 15
VisualStudioVersion = 15.0.28307.168
MinimumVisualStudioVersion = 10.0.40219.1
Project("{FAE04EC0-301F-11D3-BF4B-00C04F79EFBC}") = "HyosungMotor", "HyosungMotor\HyosungMotor.csproj", "{336A4D0C-5766-4C63-ABA9-6CFE387289D2}"
EndProject
Global
	GlobalSection(SolutionConfigurationPlatforms) = preSolution
		Debug|Any CPU = Debug|Any CPU
		Release|Any CPU = Release|Any CPU
	EndGlobalSection
	GlobalSection(ProjectConfigurationPlatforms) = postSolution
		{336A4D0C-5766-4C63-ABA9-6CFE387289D2}.Debug|Any CPU.ActiveCfg = Debug|Any CPU
		{336A4D0C-5766-4C63-ABA9-6CFE387289D2}.Debug|Any CPU.Build.0 = Debug|Any CPU
		{336A4D0C-5766-4C63-ABA9-6CFE387289D2}.Release|Any CPU.ActiveCfg = Release|Any CPU
		{336A4D0C-5766-4C63-ABA9-6CFE387289D2}.Release|Any CPU.Build.0 = Release|Any CPU
	EndGlobalSection
	GlobalSection(SolutionProperties) = preSolution
		HideSolutionNode = FALSE
	EndGlobalSection
	GlobalSection(ExtensibilityGlobals) = postSolution
		SolutionGuid = {C9DABD71-FF83-4EAC-921F-400ABE0D4043}
	EndGlobalSection
EndGlobal
